// !$*UTF8*$!
{
	archiveVersion = 1;
	classes = {
	};
	objectVersion = 56;
	objects = {

/* Begin PBXBuildFile section */
		8BD339B52C22A0B400B396CA /* AppDelegate.swift in Sources */ = {isa = PBXBuildFile; fileRef = 8BD339B42C22A0B400B396CA /* AppDelegate.swift */; };
		8BD339B72C22A0B400B396CA /* SceneDelegate.swift in Sources */ = {isa = PBXBuildFile; fileRef = 8BD339B62C22A0B400B396CA /* SceneDelegate.swift */; };
		8BD339B92C22A0B400B396CA /* ViewController.swift in Sources */ = {isa = PBXBuildFile; fileRef = 8BD339B82C22A0B400B396CA /* ViewController.swift */; };
		8BD339BE2C22A0B600B396CA /* Assets.xcassets in Resources */ = {isa = PBXBuildFile; fileRef = 8BD339BD2C22A0B600B396CA /* Assets.xcassets */; };
		8BD339C12C22A0B600B396CA /* Base in Resources */ = {isa = PBXBuildFile; fileRef = 8BD339C02C22A0B600B396CA /* Base */; };
		8BD339C92C22A10700B396CA /* WeatherInfo.swift in Sources */ = {isa = PBXBuildFile; fileRef = 8BD339C82C22A10700B396CA /* WeatherInfo.swift */; };
		8BD339CB2C22A1DD00B396CA /* .gitignore in Resources */ = {isa = PBXBuildFile; fileRef = 8BD339CA2C22A1DD00B396CA /* .gitignore */; };
		8BD339CD2C22A25900B396CA /* APIKey.swift in Sources */ = {isa = PBXBuildFile; fileRef = 8BD339CC2C22A25900B396CA /* APIKey.swift */; };
		8BD339D02C22A7CC00B396CA /* Alamofire in Frameworks */ = {isa = PBXBuildFile; productRef = 8BD339CF2C22A7CC00B396CA /* Alamofire */; };
		8BD339D32C22A7D600B396CA /* SnapKit in Frameworks */ = {isa = PBXBuildFile; productRef = 8BD339D22C22A7D600B396CA /* SnapKit */; };
/* End PBXBuildFile section */

/* Begin PBXFileReference section */
		8BD339B12C22A0B400B396CA /* WeatherProj.app */ = {isa = PBXFileReference; explicitFileType = wrapper.application; includeInIndex = 0; path = WeatherProj.app; sourceTree = BUILT_PRODUCTS_DIR; };
		8BD339B42C22A0B400B396CA /* AppDelegate.swift */ = {isa = PBXFileReference; lastKnownFileType = sourcecode.swift; path = AppDelegate.swift; sourceTree = "<group>"; };
		8BD339B62C22A0B400B396CA /* SceneDelegate.swift */ = {isa = PBXFileReference; lastKnownFileType = sourcecode.swift; path = SceneDelegate.swift; sourceTree = "<group>"; };
		8BD339B82C22A0B400B396CA /* ViewController.swift */ = {isa = PBXFileReference; lastKnownFileType = sourcecode.swift; path = ViewController.swift; sourceTree = "<group>"; };
		8BD339BD2C22A0B600B396CA /* Assets.xcassets */ = {isa = PBXFileReference; lastKnownFileType = folder.assetcatalog; path = Assets.xcassets; sourceTree = "<group>"; };
		8BD339C02C22A0B600B396CA /* Base */ = {isa = PBXFileReference; lastKnownFileType = file.storyboard; name = Base; path = Base.lproj/LaunchScreen.storyboard; sourceTree = "<group>"; };
		8BD339C22C22A0B600B396CA /* Info.plist */ = {isa = PBXFileReference; lastKnownFileType = text.plist.xml; path = Info.plist; sourceTree = "<group>"; };
		8BD339C82C22A10700B396CA /* WeatherInfo.swift */ = {isa = PBXFileReference; lastKnownFileType = sourcecode.swift; path = WeatherInfo.swift; sourceTree = "<group>"; };
		8BD339CA2C22A1DD00B396CA /* .gitignore */ = {isa = PBXFileReference; lastKnownFileType = text; path = .gitignore; sourceTree = "<group>"; };
		8BD339CC2C22A25900B396CA /* APIKey.swift */ = {isa = PBXFileReference; lastKnownFileType = sourcecode.swift; path = APIKey.swift; sourceTree = "<group>"; };
/* End PBXFileReference section */

/* Begin PBXFrameworksBuildPhase section */
		8BD339AE2C22A0B400B396CA /* Frameworks */ = {
			isa = PBXFrameworksBuildPhase;
			buildActionMask = 2147483647;
			files = (
				8BD339D02C22A7CC00B396CA /* Alamofire in Frameworks */,
				8BD339D32C22A7D600B396CA /* SnapKit in Frameworks */,
			);
			runOnlyForDeploymentPostprocessing = 0;
		};
/* End PBXFrameworksBuildPhase section */

/* Begin PBXGroup section */
		8BD339A82C22A0B400B396CA = {
			isa = PBXGroup;
			children = (
				8BD339CA2C22A1DD00B396CA /* .gitignore */,
				8BD339B32C22A0B400B396CA /* WeatherProj */,
				8BD339B22C22A0B400B396CA /* Products */,
			);
			sourceTree = "<group>";
		};
		8BD339B22C22A0B400B396CA /* Products */ = {
			isa = PBXGroup;
			children = (
				8BD339B12C22A0B400B396CA /* WeatherProj.app */,
			);
			name = Products;
			sourceTree = "<group>";
		};
		8BD339B32C22A0B400B396CA /* WeatherProj */ = {
			isa = PBXGroup;
			children = (
				8BD339B42C22A0B400B396CA /* AppDelegate.swift */,
				8BD339B62C22A0B400B396CA /* SceneDelegate.swift */,
				8BD339B82C22A0B400B396CA /* ViewController.swift */,
				8BD339BD2C22A0B600B396CA /* Assets.xcassets */,
				8BD339BF2C22A0B600B396CA /* LaunchScreen.storyboard */,
				8BD339C22C22A0B600B396CA /* Info.plist */,
				8BD339C82C22A10700B396CA /* WeatherInfo.swift */,
				8BD339CC2C22A25900B396CA /* APIKey.swift */,
			);
			path = WeatherProj;
			sourceTree = "<group>";
		};
/* End PBXGroup section */

/* Begin PBXNativeTarget section */
		8BD339B02C22A0B400B396CA /* WeatherProj */ = {
			isa = PBXNativeTarget;
			buildConfigurationList = 8BD339C52C22A0B600B396CA /* Build configuration list for PBXNativeTarget "WeatherProj" */;
			buildPhases = (
				8BD339AD2C22A0B400B396CA /* Sources */,
				8BD339AE2C22A0B400B396CA /* Frameworks */,
				8BD339AF2C22A0B400B396CA /* Resources */,
			);
			buildRules = (
			);
			dependencies = (
			);
			name = WeatherProj;
			packageProductDependencies = (
				8BD339CF2C22A7CC00B396CA /* Alamofire */,
				8BD339D22C22A7D600B396CA /* SnapKit */,
			);
			productName = WeatherProj;
			productReference = 8BD339B12C22A0B400B396CA /* WeatherProj.app */;
			productType = "com.apple.product-type.application";
		};
/* End PBXNativeTarget section */

/* Begin PBXProject section */
		8BD339A92C22A0B400B396CA /* Project object */ = {
			isa = PBXProject;
			attributes = {
				BuildIndependentTargetsInParallel = 1;
				LastSwiftUpdateCheck = 1540;
				LastUpgradeCheck = 1540;
				TargetAttributes = {
					8BD339B02C22A0B400B396CA = {
						CreatedOnToolsVersion = 15.4;
					};
				};
			};
			buildConfigurationList = 8BD339AC2C22A0B400B396CA /* Build configuration list for PBXProject "WeatherProj" */;
			compatibilityVersion = "Xcode 14.0";
			developmentRegion = en;
			hasScannedForEncodings = 0;
			knownRegions = (
				en,
				Base,
			);
			mainGroup = 8BD339A82C22A0B400B396CA;
			packageReferences = (
				8BD339CE2C22A7CC00B396CA /* XCRemoteSwiftPackageReference "Alamofire" */,
				8BD339D12C22A7D600B396CA /* XCRemoteSwiftPackageReference "SnapKit" */,
			);
			productRefGroup = 8BD339B22C22A0B400B396CA /* Products */;
			projectDirPath = "";
			projectRoot = "";
			targets = (
				8BD339B02C22A0B400B396CA /* WeatherProj */,
			);
		};
/* End PBXProject section */

/* Begin PBXResourcesBuildPhase section */
		8BD339AF2C22A0B400B396CA /* Resources */ = {
			isa = PBXResourcesBuildPhase;
			buildActionMask = 2147483647;
			files = (
				8BD339BE2C22A0B600B396CA /* Assets.xcassets in Resources */,
				8BD339CB2C22A1DD00B396CA /* .gitignore in Resources */,
				8BD339C12C22A0B600B396CA /* Base in Resources */,
			);
			runOnlyForDeploymentPostprocessing = 0;
		};
/* End PBXResourcesBuildPhase section */

/* Begin PBXSourcesBuildPhase section */
		8BD339AD2C22A0B400B396CA /* Sources */ = {
			isa = PBXSourcesBuildPhase;
			buildActionMask = 2147483647;
			files = (
				8BD339C92C22A10700B396CA /* WeatherInfo.swift in Sources */,
				8BD339B92C22A0B400B396CA /* ViewController.swift in Sources */,
				8BD339B52C22A0B400B396CA /* AppDelegate.swift in Sources */,
				8BD339B72C22A0B400B396CA /* SceneDelegate.swift in Sources */,
				8BD339CD2C22A25900B396CA /* APIKey.swift in Sources */,
			);
			runOnlyForDeploymentPostprocessing = 0;
		};
/* End PBXSourcesBuildPhase section */

/* Begin PBXVariantGroup section */
		8BD339BF2C22A0B600B396CA /* LaunchScreen.storyboard */ = {
			isa = PBXVariantGroup;
			children = (
				8BD339C02C22A0B600B396CA /* Base */,
			);
			name = LaunchScreen.storyboard;
			sourceTree = "<group>";
		};
/* End PBXVariantGroup section */

/* Begin XCBuildConfiguration section */
		8BD339C32C22A0B600B396CA /* Debug */ = {
			isa = XCBuildConfiguration;
			buildSettings = {
				ALWAYS_SEARCH_USER_PATHS = NO;
				ASSETCATALOG_COMPILER_GENERATE_SWIFT_ASSET_SYMBOL_EXTENSIONS = YES;
				CLANG_ANALYZER_NONNULL = YES;
				CLANG_ANALYZER_NUMBER_OBJECT_CONVERSION = YES_AGGRESSIVE;
				CLANG_CXX_LANGUAGE_STANDARD = "gnu++20";
				CLANG_ENABLE_MODULES = YES;
				CLANG_ENABLE_OBJC_ARC = YES;
				CLANG_ENABLE_OBJC_WEAK = YES;
				CLANG_WARN_BLOCK_CAPTURE_AUTORELEASING = YES;
				CLANG_WARN_BOOL_CONVERSION = YES;
				CLANG_WARN_COMMA = YES;
				CLANG_WARN_CONSTANT_CONVERSION = YES;
				CLANG_WARN_DEPRECATED_OBJC_IMPLEMENTATIONS = YES;
				CLANG_WARN_DIRECT_OBJC_ISA_USAGE = YES_ERROR;
				CLANG_WARN_DOCUMENTATION_COMMENTS = YES;
				CLANG_WARN_EMPTY_BODY = YES;
				CLANG_WARN_ENUM_CONVERSION = YES;
				CLANG_WARN_INFINITE_RECURSION = YES;
				CLANG_WARN_INT_CONVERSION = YES;
				CLANG_WARN_NON_LITERAL_NULL_CONVERSION = YES;
				CLANG_WARN_OBJC_IMPLICIT_RETAIN_SELF = YES;
				CLANG_WARN_OBJC_LITERAL_CONVERSION = YES;
				CLANG_WARN_OBJC_ROOT_CLASS = YES_ERROR;
				CLANG_WARN_QUOTED_INCLUDE_IN_FRAMEWORK_HEADER = YES;
				CLANG_WARN_RANGE_LOOP_ANALYSIS = YES;
				CLANG_WARN_STRICT_PROTOTYPES = YES;
				CLANG_WARN_SUSPICIOUS_MOVE = YES;
				CLANG_WARN_UNGUARDED_AVAILABILITY = YES_AGGRESSIVE;
				CLANG_WARN_UNREACHABLE_CODE = YES;
				CLANG_WARN__DUPLICATE_METHOD_MATCH = YES;
				COPY_PHASE_STRIP = NO;
				DEBUG_INFORMATION_FORMAT = dwarf;
				ENABLE_STRICT_OBJC_MSGSEND = YES;
				ENABLE_TESTABILITY = YES;
				ENABLE_USER_SCRIPT_SANDBOXING = YES;
				GCC_C_LANGUAGE_STANDARD = gnu17;
				GCC_DYNAMIC_NO_PIC = NO;
				GCC_NO_COMMON_BLOCKS = YES;
				GCC_OPTIMIZATION_LEVEL = 0;
				GCC_PREPROCESSOR_DEFINITIONS = (
					"DEBUG=1",
					"$(inherited)",
				);
				GCC_WARN_64_TO_32_BIT_CONVERSION = YES;
				GCC_WARN_ABOUT_RETURN_TYPE = YES_ERROR;
				GCC_WARN_UNDECLARED_SELECTOR = YES;
				GCC_WARN_UNINITIALIZED_AUTOS = YES_AGGRESSIVE;
				GCC_WARN_UNUSED_FUNCTION = YES;
				GCC_WARN_UNUSED_VARIABLE = YES;
				IPHONEOS_DEPLOYMENT_TARGET = 17.5;
				LOCALIZATION_PREFERS_STRING_CATALOGS = YES;
				MTL_ENABLE_DEBUG_INFO = INCLUDE_SOURCE;
				MTL_FAST_MATH = YES;
				ONLY_ACTIVE_ARCH = YES;
				SDKROOT = iphoneos;
				SWIFT_ACTIVE_COMPILATION_CONDITIONS = "DEBUG $(inherited)";
				SWIFT_OPTIMIZATION_LEVEL = "-Onone";
			};
			name = Debug;
		};
		8BD339C42C22A0B600B396CA /* Release */ = {
			isa = XCBuildConfiguration;
			buildSettings = {
				ALWAYS_SEARCH_USER_PATHS = NO;
				ASSETCATALOG_COMPILER_GENERATE_SWIFT_ASSET_SYMBOL_EXTENSIONS = YES;
				CLANG_ANALYZER_NONNULL = YES;
				CLANG_ANALYZER_NUMBER_OBJECT_CONVERSION = YES_AGGRESSIVE;
				CLANG_CXX_LANGUAGE_STANDARD = "gnu++20";
				CLANG_ENABLE_MODULES = YES;
				CLANG_ENABLE_OBJC_ARC = YES;
				CLANG_ENABLE_OBJC_WEAK = YES;
				CLANG_WARN_BLOCK_CAPTURE_AUTORELEASING = YES;
				CLANG_WARN_BOOL_CONVERSION = YES;
				CLANG_WARN_COMMA = YES;
				CLANG_WARN_CONSTANT_CONVERSION = YES;
				CLANG_WARN_DEPRECATED_OBJC_IMPLEMENTATIONS = YES;
				CLANG_WARN_DIRECT_OBJC_ISA_USAGE = YES_ERROR;
				CLANG_WARN_DOCUMENTATION_COMMENTS = YES;
				CLANG_WARN_EMPTY_BODY = YES;
				CLANG_WARN_ENUM_CONVERSION = YES;
				CLANG_WARN_INFINITE_RECURSION = YES;
				CLANG_WARN_INT_CONVERSION = YES;
				CLANG_WARN_NON_LITERAL_NULL_CONVERSION = YES;
				CLANG_WARN_OBJC_IMPLICIT_RETAIN_SELF = YES;
				CLANG_WARN_OBJC_LITERAL_CONVERSION = YES;
				CLANG_WARN_OBJC_ROOT_CLASS = YES_ERROR;
				CLANG_WARN_QUOTED_INCLUDE_IN_FRAMEWORK_HEADER = YES;
				CLANG_WARN_RANGE_LOOP_ANALYSIS = YES;
				CLANG_WARN_STRICT_PROTOTYPES = YES;
				CLANG_WARN_SUSPICIOUS_MOVE = YES;
				CLANG_WARN_UNGUARDED_AVAILABILITY = YES_AGGRESSIVE;
				CLANG_WARN_UNREACHABLE_CODE = YES;
				CLANG_WARN__DUPLICATE_METHOD_MATCH = YES;
				COPY_PHASE_STRIP = NO;
				DEBUG_INFORMATION_FORMAT = "dwarf-with-dsym";
				ENABLE_NS_ASSERTIONS = NO;
				ENABLE_STRICT_OBJC_MSGSEND = YES;
				ENABLE_USER_SCRIPT_SANDBOXING = YES;
				GCC_C_LANGUAGE_STANDARD = gnu17;
				GCC_NO_COMMON_BLOCKS = YES;
				GCC_WARN_64_TO_32_BIT_CONVERSION = YES;
				GCC_WARN_ABOUT_RETURN_TYPE = YES_ERROR;
				GCC_WARN_UNDECLARED_SELECTOR = YES;
				GCC_WARN_UNINITIALIZED_AUTOS = YES_AGGRESSIVE;
				GCC_WARN_UNUSED_FUNCTION = YES;
				GCC_WARN_UNUSED_VARIABLE = YES;
				IPHONEOS_DEPLOYMENT_TARGET = 17.5;
				LOCALIZATION_PREFERS_STRING_CATALOGS = YES;
				MTL_ENABLE_DEBUG_INFO = NO;
				MTL_FAST_MATH = YES;
				SDKROOT = iphoneos;
				SWIFT_COMPILATION_MODE = wholemodule;
				VALIDATE_PRODUCT = YES;
			};
			name = Release;
		};
		8BD339C62C22A0B600B396CA /* Debug */ = {
			isa = XCBuildConfiguration;
			buildSettings = {
				ASSETCATALOG_COMPILER_APPICON_NAME = AppIcon;
				ASSETCATALOG_COMPILER_GLOBAL_ACCENT_COLOR_NAME = AccentColor;
				CODE_SIGN_STYLE = Automatic;
				CURRENT_PROJECT_VERSION = 1;
				GENERATE_INFOPLIST_FILE = YES;
				INFOPLIST_FILE = WeatherProj/Info.plist;
				INFOPLIST_KEY_UIApplicationSupportsIndirectInputEvents = YES;
				INFOPLIST_KEY_UILaunchStoryboardName = LaunchScreen;
				INFOPLIST_KEY_UISupportedInterfaceOrientations = "UIInterfaceOrientationLandscapeLeft UIInterfaceOrientationLandscapeRight UIInterfaceOrientationPortrait";
				INFOPLIST_KEY_UISupportedInterfaceOrientations_iPad = UIInterfaceOrientationPortrait;
				LD_RUNPATH_SEARCH_PATHS = (
					"$(inherited)",
					"@executable_path/Frameworks",
				);
				MARKETING_VERSION = 1.0;
				PRODUCT_BUNDLE_IDENTIFIER = com.Swift.WeatherProj;
				PRODUCT_NAME = "$(TARGET_NAME)";
				SUPPORTED_PLATFORMS = "iphoneos iphonesimulator";
				SUPPORTS_MACCATALYST = NO;
				SUPPORTS_MAC_DESIGNED_FOR_IPHONE_IPAD = NO;
				SUPPORTS_XR_DESIGNED_FOR_IPHONE_IPAD = NO;
				SWIFT_EMIT_LOC_STRINGS = YES;
				SWIFT_VERSION = 5.0;
				TARGETED_DEVICE_FAMILY = 1;
			};
			name = Debug;
		};
		8BD339C72C22A0B600B396CA /* Release */ = {
			isa = XCBuildConfiguration;
			buildSettings = {
				ASSETCATALOG_COMPILER_APPICON_NAME = AppIcon;
				ASSETCATALOG_COMPILER_GLOBAL_ACCENT_COLOR_NAME = AccentColor;
				CODE_SIGN_STYLE = Automatic;
				CURRENT_PROJECT_VERSION = 1;
				GENERATE_INFOPLIST_FILE = YES;
				INFOPLIST_FILE = WeatherProj/Info.plist;
				INFOPLIST_KEY_UIApplicationSupportsIndirectInputEvents = YES;
				INFOPLIST_KEY_UILaunchStoryboardName = LaunchScreen;
				INFOPLIST_KEY_UISupportedInterfaceOrientations = "UIInterfaceOrientationLandscapeLeft UIInterfaceOrientationLandscapeRight UIInterfaceOrientationPortrait";
				INFOPLIST_KEY_UISupportedInterfaceOrientations_iPad = UIInterfaceOrientationPortrait;
				LD_RUNPATH_SEARCH_PATHS = (
					"$(inherited)",
					"@executable_path/Frameworks",
				);
				MARKETING_VERSION = 1.0;
				PRODUCT_BUNDLE_IDENTIFIER = com.Swift.WeatherProj;
				PRODUCT_NAME = "$(TARGET_NAME)";
				SUPPORTED_PLATFORMS = "iphoneos iphonesimulator";
				SUPPORTS_MACCATALYST = NO;
				SUPPORTS_MAC_DESIGNED_FOR_IPHONE_IPAD = NO;
				SUPPORTS_XR_DESIGNED_FOR_IPHONE_IPAD = NO;
				SWIFT_EMIT_LOC_STRINGS = YES;
				SWIFT_VERSION = 5.0;
				TARGETED_DEVICE_FAMILY = 1;
			};
			name = Release;
		};
/* End XCBuildConfiguration section */

/* Begin XCConfigurationList section */
		8BD339AC2C22A0B400B396CA /* Build configuration list for PBXProject "WeatherProj" */ = {
			isa = XCConfigurationList;
			buildConfigurations = (
				8BD339C32C22A0B600B396CA /* Debug */,
				8BD339C42C22A0B600B396CA /* Release */,
			);
			defaultConfigurationIsVisible = 0;
			defaultConfigurationName = Release;
		};
		8BD339C52C22A0B600B396CA /* Build configuration list for PBXNativeTarget "WeatherProj" */ = {
			isa = XCConfigurationList;
			buildConfigurations = (
				8BD339C62C22A0B600B396CA /* Debug */,
				8BD339C72C22A0B600B396CA /* Release */,
			);
			defaultConfigurationIsVisible = 0;
			defaultConfigurationName = Release;
		};
/* End XCConfigurationList section */

/* Begin XCRemoteSwiftPackageReference section */
		8BD339CE2C22A7CC00B396CA /* XCRemoteSwiftPackageReference "Alamofire" */ = {
			isa = XCRemoteSwiftPackageReference;
			repositoryURL = "https://github.com/Alamofire/Alamofire.git";
			requirement = {
				kind = upToNextMajorVersion;
				minimumVersion = 5.9.1;
			};
		};
		8BD339D12C22A7D600B396CA /* XCRemoteSwiftPackageReference "SnapKit" */ = {
			isa = XCRemoteSwiftPackageReference;
			repositoryURL = "https://github.com/SnapKit/SnapKit.git";
			requirement = {
				kind = upToNextMajorVersion;
				minimumVersion = 5.7.1;
			};
		};
/* End XCRemoteSwiftPackageReference section */

/* Begin XCSwiftPackageProductDependency section */
		8BD339CF2C22A7CC00B396CA /* Alamofire */ = {
			isa = XCSwiftPackageProductDependency;
			package = 8BD339CE2C22A7CC00B396CA /* XCRemoteSwiftPackageReference "Alamofire" */;
			productName = Alamofire;
		};
		8BD339D22C22A7D600B396CA /* SnapKit */ = {
			isa = XCSwiftPackageProductDependency;
			package = 8BD339D12C22A7D600B396CA /* XCRemoteSwiftPackageReference "SnapKit" */;
			productName = SnapKit;
		};
/* End XCSwiftPackageProductDependency section */
	};
	rootObject = 8BD339A92C22A0B400B396CA /* Project object */;
}
